
Microsoft Visual Studio Solution File, Format Version 12.00
# Visual Studio Version 16
VisualStudioVersion = 16.0.31605.320
MinimumVisualStudioVersion = 10.0.40219.1
Project("{FAE04EC0-301F-11D3-BF4B-00C04F79EFBC}") = "TechnicalTest", "TechnicalTest\TechnicalTest\TechnicalTest.csproj", "{56CCC24E-F690-4DE4-B2CF-957D7ABBC9BA}"
EndProject
Project("{FAE04EC0-301F-11D3-BF4B-00C04F79EFBC}") = "TechnicalTest.Android", "TechnicalTest\TechnicalTest.Android\TechnicalTest.Android.csproj", "{35D8508F-8131-48FD-8528-39473E7B357E}"
EndProject
Project("{FAE04EC0-301F-11D3-BF4B-00C04F79EFBC}") = "TechnicalTest.iOS", "TechnicalTest\TechnicalTest.iOS\TechnicalTest.iOS.csproj", "{95644D9F-9AED-4C30-BF02-72BBE185C3FA}"
EndProject
Project("{2150E333-8FDC-42A3-9474-1A3956D46DE8}") = "Presentation", "Presentation", "{6A17DB18-1E0F-4490-BCF5-8B308A96431F}"
EndProject
Project("{FAE04EC0-301F-11D3-BF4B-00C04F79EFBC}") = "CommonShared", "CommonShared\CommonShared.csproj", "{C2D26B9C-9CF3-4805-A1E0-57F7E17AFCDB}"
EndProject
Project("{FAE04EC0-301F-11D3-BF4B-00C04F79EFBC}") = "Infrastructure", "Infrastructure\Infrastructure.csproj", "{BAA7519E-DB20-4988-A42D-B91583814162}"
EndProject
Project("{FAE04EC0-301F-11D3-BF4B-00C04F79EFBC}") = "Domain", "Domain\Domain.csproj", "{7B1296F9-A8F3-4E2B-9521-075988E02064}"
EndProject
Project("{FAE04EC0-301F-11D3-BF4B-00C04F79EFBC}") = "Constants", "Constants\Constants.csproj", "{16C64FAD-8149-4E55-A720-1FD1EFCF5070}"
EndProject
Global
	GlobalSection(SolutionConfigurationPlatforms) = preSolution
		Ad-Hoc|Any CPU = Ad-Hoc|Any CPU
		Ad-Hoc|iPhone = Ad-Hoc|iPhone
		Ad-Hoc|iPhoneSimulator = Ad-Hoc|iPhoneSimulator
		AppStore|Any CPU = AppStore|Any CPU
		AppStore|iPhone = AppStore|iPhone
		AppStore|iPhoneSimulator = AppStore|iPhoneSimulator
		Debug|Any CPU = Debug|Any CPU
		Debug|iPhone = Debug|iPhone
		Debug|iPhoneSimulator = Debug|iPhoneSimulator
		Release|Any CPU = Release|Any CPU
		Release|iPhone = Release|iPhone
		Release|iPhoneSimulator = Release|iPhoneSimulator
	EndGlobalSection
	GlobalSection(ProjectConfigurationPlatforms) = postSolution
		{56CCC24E-F690-4DE4-B2CF-957D7ABBC9BA}.Ad-Hoc|Any CPU.ActiveCfg = Debug|Any CPU
		{56CCC24E-F690-4DE4-B2CF-957D7ABBC9BA}.Ad-Hoc|Any CPU.Build.0 = Debug|Any CPU
		{56CCC24E-F690-4DE4-B2CF-957D7ABBC9BA}.Ad-Hoc|iPhone.ActiveCfg = Debug|Any CPU
		{56CCC24E-F690-4DE4-B2CF-957D7ABBC9BA}.Ad-Hoc|iPhone.Build.0 = Debug|Any CPU
		{56CCC24E-F690-4DE4-B2CF-957D7ABBC9BA}.Ad-Hoc|iPhoneSimulator.ActiveCfg = Debug|Any CPU
		{56CCC24E-F690-4DE4-B2CF-957D7ABBC9BA}.Ad-Hoc|iPhoneSimulator.Build.0 = Debug|Any CPU
		{56CCC24E-F690-4DE4-B2CF-957D7ABBC9BA}.AppStore|Any CPU.ActiveCfg = Debug|Any CPU
		{56CCC24E-F690-4DE4-B2CF-957D7ABBC9BA}.AppStore|Any CPU.Build.0 = Debug|Any CPU
		{56CCC24E-F690-4DE4-B2CF-957D7ABBC9BA}.AppStore|iPhone.ActiveCfg = Debug|Any CPU
		{56CCC24E-F690-4DE4-B2CF-957D7ABBC9BA}.AppStore|iPhone.Build.0 = Debug|Any CPU
		{56CCC24E-F690-4DE4-B2CF-957D7ABBC9BA}.AppStore|iPhoneSimulator.ActiveCfg = Debug|Any CPU
		{56CCC24E-F690-4DE4-B2CF-957D7ABBC9BA}.AppStore|iPhoneSimulator.Build.0 = Debug|Any CPU
		{56CCC24E-F690-4DE4-B2CF-957D7ABBC9BA}.Debug|Any CPU.ActiveCfg = Debug|Any CPU
		{56CCC24E-F690-4DE4-B2CF-957D7ABBC9BA}.Debug|Any CPU.Build.0 = Debug|Any CPU
		{56CCC24E-F690-4DE4-B2CF-957D7ABBC9BA}.Debug|iPhone.ActiveCfg = Debug|Any CPU
		{56CCC24E-F690-4DE4-B2CF-957D7ABBC9BA}.Debug|iPhone.Build.0 = Debug|Any CPU
		{56CCC24E-F690-4DE4-B2CF-957D7ABBC9BA}.Debug|iPhoneSimulator.ActiveCfg = Debug|Any CPU
		{56CCC24E-F690-4DE4-B2CF-957D7ABBC9BA}.Debug|iPhoneSimulator.Build.0 = Debug|Any CPU
		{56CCC24E-F690-4DE4-B2CF-957D7ABBC9BA}.Release|Any CPU.ActiveCfg = Release|Any CPU
		{56CCC24E-F690-4DE4-B2CF-957D7ABBC9BA}.Release|Any CPU.Build.0 = Release|Any CPU
		{56CCC24E-F690-4DE4-B2CF-957D7ABBC9BA}.Release|iPhone.ActiveCfg = Release|Any CPU
		{56CCC24E-F690-4DE4-B2CF-957D7ABBC9BA}.Release|iPhone.Build.0 = Release|Any CPU
		{56CCC24E-F690-4DE4-B2CF-957D7ABBC9BA}.Release|iPhoneSimulator.ActiveCfg = Release|Any CPU
		{56CCC24E-F690-4DE4-B2CF-957D7ABBC9BA}.Release|iPhoneSimulator.Build.0 = Release|Any CPU
		{35D8508F-8131-48FD-8528-39473E7B357E}.Ad-Hoc|Any CPU.ActiveCfg = Debug|Any CPU
		{35D8508F-8131-48FD-8528-39473E7B357E}.Ad-Hoc|Any CPU.Build.0 = Debug|Any CPU
		{35D8508F-8131-48FD-8528-39473E7B357E}.Ad-Hoc|Any CPU.Deploy.0 = Debug|Any CPU
		{35D8508F-8131-48FD-8528-39473E7B357E}.Ad-Hoc|iPhone.ActiveCfg = Debug|Any CPU
		{35D8508F-8131-48FD-8528-39473E7B357E}.Ad-Hoc|iPhone.Build.0 = Debug|Any CPU
		{35D8508F-8131-48FD-8528-39473E7B357E}.Ad-Hoc|iPhone.Deploy.0 = Debug|Any CPU
		{35D8508F-8131-48FD-8528-39473E7B357E}.Ad-Hoc|iPhoneSimulator.ActiveCfg = Debug|Any CPU
		{35D8508F-8131-48FD-8528-39473E7B357E}.Ad-Hoc|iPhoneSimulator.Build.0 = Debug|Any CPU
		{35D8508F-8131-48FD-8528-39473E7B357E}.Ad-Hoc|iPhoneSimulator.Deploy.0 = Debug|Any CPU
		{35D8508F-8131-48FD-8528-39473E7B357E}.AppStore|Any CPU.ActiveCfg = Debug|Any CPU
		{35D8508F-8131-48FD-8528-39473E7B357E}.AppStore|Any CPU.Build.0 = Debug|Any CPU
		{35D8508F-8131-48FD-8528-39473E7B357E}.AppStore|Any CPU.Deploy.0 = Debug|Any CPU
		{35D8508F-8131-48FD-8528-39473E7B357E}.AppStore|iPhone.ActiveCfg = Debug|Any CPU
		{35D8508F-8131-48FD-8528-39473E7B357E}.AppStore|iPhone.Build.0 = Debug|Any CPU
		{35D8508F-8131-48FD-8528-39473E7B357E}.AppStore|iPhone.Deploy.0 = Debug|Any CPU
		{35D8508F-8131-48FD-8528-39473E7B357E}.AppStore|iPhoneSimulator.ActiveCfg = Debug|Any CPU
		{35D8508F-8131-48FD-8528-39473E7B357E}.AppStore|iPhoneSimulator.Build.0 = Debug|Any CPU
		{35D8508F-8131-48FD-8528-39473E7B357E}.AppStore|iPhoneSimulator.Deploy.0 = Debug|Any CPU
		{35D8508F-8131-48FD-8528-39473E7B357E}.Debug|Any CPU.ActiveCfg = Debug|Any CPU
		{35D8508F-8131-48FD-8528-39473E7B357E}.Debug|Any CPU.Build.0 = Debug|Any CPU
		{35D8508F-8131-48FD-8528-39473E7B357E}.Debug|Any CPU.Deploy.0 = Debug|Any CPU
		{35D8508F-8131-48FD-8528-39473E7B357E}.Debug|iPhone.ActiveCfg = Debug|Any CPU
		{35D8508F-8131-48FD-8528-39473E7B357E}.Debug|iPhone.Build.0 = Debug|Any CPU
		{35D8508F-8131-48FD-8528-39473E7B357E}.Debug|iPhone.Deploy.0 = Debug|Any CPU
		{35D8508F-8131-48FD-8528-39473E7B357E}.Debug|iPhoneSimulator.ActiveCfg = Debug|Any CPU
		{35D8508F-8131-48FD-8528-39473E7B357E}.Debug|iPhoneSimulator.Build.0 = Debug|Any CPU
		{35D8508F-8131-48FD-8528-39473E7B357E}.Debug|iPhoneSimulator.Deploy.0 = Debug|Any CPU
		{35D8508F-8131-48FD-8528-39473E7B357E}.Release|Any CPU.ActiveCfg = Release|Any CPU
		{35D8508F-8131-48FD-8528-39473E7B357E}.Release|Any CPU.Build.0 = Release|Any CPU
		{35D8508F-8131-48FD-8528-39473E7B357E}.Release|Any CPU.Deploy.0 = Release|Any CPU
		{35D8508F-8131-48FD-8528-39473E7B357E}.Release|iPhone.ActiveCfg = Release|Any CPU
		{35D8508F-8131-48FD-8528-39473E7B357E}.Release|iPhone.Build.0 = Release|Any CPU
		{35D8508F-8131-48FD-8528-39473E7B357E}.Release|iPhone.Deploy.0 = Release|Any CPU
		{35D8508F-8131-48FD-8528-39473E7B357E}.Release|iPhoneSimulator.ActiveCfg = Release|Any CPU
		{35D8508F-8131-48FD-8528-39473E7B357E}.Release|iPhoneSimulator.Build.0 = Release|Any CPU
		{35D8508F-8131-48FD-8528-39473E7B357E}.Release|iPhoneSimulator.Deploy.0 = Release|Any CPU
		{95644D9F-9AED-4C30-BF02-72BBE185C3FA}.Ad-Hoc|Any CPU.ActiveCfg = Ad-Hoc|iPhoneSimulator
		{95644D9F-9AED-4C30-BF02-72BBE185C3FA}.Ad-Hoc|iPhone.ActiveCfg = Ad-Hoc|iPhone
		{95644D9F-9AED-4C30-BF02-72BBE185C3FA}.Ad-Hoc|iPhone.Build.0 = Ad-Hoc|iPhone
		{95644D9F-9AED-4C30-BF02-72BBE185C3FA}.Ad-Hoc|iPhoneSimulator.ActiveCfg = Ad-Hoc|iPhoneSimulator
		{95644D9F-9AED-4C30-BF02-72BBE185C3FA}.Ad-Hoc|iPhoneSimulator.Build.0 = Ad-Hoc|iPhoneSimulator
		{95644D9F-9AED-4C30-BF02-72BBE185C3FA}.AppStore|Any CPU.ActiveCfg = AppStore|iPhoneSimulator
		{95644D9F-9AED-4C30-BF02-72BBE185C3FA}.AppStore|iPhone.ActiveCfg = AppStore|iPhone
		{95644D9F-9AED-4C30-BF02-72BBE185C3FA}.AppStore|iPhone.Build.0 = AppStore|iPhone
		{95644D9F-9AED-4C30-BF02-72BBE185C3FA}.AppStore|iPhoneSimulator.ActiveCfg = AppStore|iPhoneSimulator
		{95644D9F-9AED-4C30-BF02-72BBE185C3FA}.AppStore|iPhoneSimulator.Build.0 = AppStore|iPhoneSimulator
		{95644D9F-9AED-4C30-BF02-72BBE185C3FA}.Debug|Any CPU.ActiveCfg = Debug|iPhoneSimulator
		{95644D9F-9AED-4C30-BF02-72BBE185C3FA}.Debug|iPhone.ActiveCfg = Debug|iPhone
		{95644D9F-9AED-4C30-BF02-72BBE185C3FA}.Debug|iPhone.Build.0 = Debug|iPhone
		{95644D9F-9AED-4C30-BF02-72BBE185C3FA}.Debug|iPhoneSimulator.ActiveCfg = Debug|iPhoneSimulator
		{95644D9F-9AED-4C30-BF02-72BBE185C3FA}.Debug|iPhoneSimulator.Build.0 = Debug|iPhoneSimulator
		{95644D9F-9AED-4C30-BF02-72BBE185C3FA}.Release|Any CPU.ActiveCfg = Release|iPhoneSimulator
		{95644D9F-9AED-4C30-BF02-72BBE185C3FA}.Release|iPhone.ActiveCfg = Release|iPhone
		{95644D9F-9AED-4C30-BF02-72BBE185C3FA}.Release|iPhone.Build.0 = Release|iPhone
		{95644D9F-9AED-4C30-BF02-72BBE185C3FA}.Release|iPhoneSimulator.ActiveCfg = Release|iPhoneSimulator
		{95644D9F-9AED-4C30-BF02-72BBE185C3FA}.Release|iPhoneSimulator.Build.0 = Release|iPhoneSimulator
		{C2D26B9C-9CF3-4805-A1E0-57F7E17AFCDB}.Ad-Hoc|Any CPU.ActiveCfg = Debug|Any CPU
		{C2D26B9C-9CF3-4805-A1E0-57F7E17AFCDB}.Ad-Hoc|Any CPU.Build.0 = Debug|Any CPU
		{C2D26B9C-9CF3-4805-A1E0-57F7E17AFCDB}.Ad-Hoc|iPhone.ActiveCfg = Debug|Any CPU
		{C2D26B9C-9CF3-4805-A1E0-57F7E17AFCDB}.Ad-Hoc|iPhone.Build.0 = Debug|Any CPU
		{C2D26B9C-9CF3-4805-A1E0-57F7E17AFCDB}.Ad-Hoc|iPhoneSimulator.ActiveCfg = Debug|Any CPU
		{C2D26B9C-9CF3-4805-A1E0-57F7E17AFCDB}.Ad-Hoc|iPhoneSimulator.Build.0 = Debug|Any CPU
		{C2D26B9C-9CF3-4805-A1E0-57F7E17AFCDB}.AppStore|Any CPU.ActiveCfg = Debug|Any CPU
		{C2D26B9C-9CF3-4805-A1E0-57F7E17AFCDB}.AppStore|Any CPU.Build.0 = Debug|Any CPU
		{C2D26B9C-9CF3-4805-A1E0-57F7E17AFCDB}.AppStore|iPhone.ActiveCfg = Debug|Any CPU
		{C2D26B9C-9CF3-4805-A1E0-57F7E17AFCDB}.AppStore|iPhone.Build.0 = Debug|Any CPU
		{C2D26B9C-9CF3-4805-A1E0-57F7E17AFCDB}.AppStore|iPhoneSimulator.ActiveCfg = Debug|Any CPU
		{C2D26B9C-9CF3-4805-A1E0-57F7E17AFCDB}.AppStore|iPhoneSimulator.Build.0 = Debug|Any CPU
		{C2D26B9C-9CF3-4805-A1E0-57F7E17AFCDB}.Debug|Any CPU.ActiveCfg = Debug|Any CPU
		{C2D26B9C-9CF3-4805-A1E0-57F7E17AFCDB}.Debug|Any CPU.Build.0 = Debug|Any CPU
		{C2D26B9C-9CF3-4805-A1E0-57F7E17AFCDB}.Debug|iPhone.ActiveCfg = Debug|Any CPU
		{C2D26B9C-9CF3-4805-A1E0-57F7E17AFCDB}.Debug|iPhone.Build.0 = Debug|Any CPU
		{C2D26B9C-9CF3-4805-A1E0-57F7E17AFCDB}.Debug|iPhoneSimulator.ActiveCfg = Debug|Any CPU
		{C2D26B9C-9CF3-4805-A1E0-57F7E17AFCDB}.Debug|iPhoneSimulator.Build.0 = Debug|Any CPU
		{C2D26B9C-9CF3-4805-A1E0-57F7E17AFCDB}.Release|Any CPU.ActiveCfg = Release|Any CPU
		{C2D26B9C-9CF3-4805-A1E0-57F7E17AFCDB}.Release|Any CPU.Build.0 = Release|Any CPU
		{C2D26B9C-9CF3-4805-A1E0-57F7E17AFCDB}.Release|iPhone.ActiveCfg = Release|Any CPU
		{C2D26B9C-9CF3-4805-A1E0-57F7E17AFCDB}.Release|iPhone.Build.0 = Release|Any CPU
		{C2D26B9C-9CF3-4805-A1E0-57F7E17AFCDB}.Release|iPhoneSimulator.ActiveCfg = Release|Any CPU
		{C2D26B9C-9CF3-4805-A1E0-57F7E17AFCDB}.Release|iPhoneSimulator.Build.0 = Release|Any CPU
		{BAA7519E-DB20-4988-A42D-B91583814162}.Ad-Hoc|Any CPU.ActiveCfg = Debug|Any CPU
		{BAA7519E-DB20-4988-A42D-B91583814162}.Ad-Hoc|Any CPU.Build.0 = Debug|Any CPU
		{BAA7519E-DB20-4988-A42D-B91583814162}.Ad-Hoc|iPhone.ActiveCfg = Debug|Any CPU
		{BAA7519E-DB20-4988-A42D-B91583814162}.Ad-Hoc|iPhone.Build.0 = Debug|Any CPU
		{BAA7519E-DB20-4988-A42D-B91583814162}.Ad-Hoc|iPhoneSimulator.ActiveCfg = Debug|Any CPU
		{BAA7519E-DB20-4988-A42D-B91583814162}.Ad-Hoc|iPhoneSimulator.Build.0 = Debug|Any CPU
		{BAA7519E-DB20-4988-A42D-B91583814162}.AppStore|Any CPU.ActiveCfg = Debug|Any CPU
		{BAA7519E-DB20-4988-A42D-B91583814162}.AppStore|Any CPU.Build.0 = Debug|Any CPU
		{BAA7519E-DB20-4988-A42D-B91583814162}.AppStore|iPhone.ActiveCfg = Debug|Any CPU
		{BAA7519E-DB20-4988-A42D-B91583814162}.AppStore|iPhone.Build.0 = Debug|Any CPU
		{BAA7519E-DB20-4988-A42D-B91583814162}.AppStore|iPhoneSimulator.ActiveCfg = Debug|Any CPU
		{BAA7519E-DB20-4988-A42D-B91583814162}.AppStore|iPhoneSimulator.Build.0 = Debug|Any CPU
		{BAA7519E-DB20-4988-A42D-B91583814162}.Debug|Any CPU.ActiveCfg = Debug|Any CPU
		{BAA7519E-DB20-4988-A42D-B91583814162}.Debug|Any CPU.Build.0 = Debug|Any CPU
		{BAA7519E-DB20-4988-A42D-B91583814162}.Debug|iPhone.ActiveCfg = Debug|Any CPU
		{BAA7519E-DB20-4988-A42D-B91583814162}.Debug|iPhone.Build.0 = Debug|Any CPU
		{BAA7519E-DB20-4988-A42D-B91583814162}.Debug|iPhoneSimulator.ActiveCfg = Debug|Any CPU
		{BAA7519E-DB20-4988-A42D-B91583814162}.Debug|iPhoneSimulator.Build.0 = Debug|Any CPU
		{BAA7519E-DB20-4988-A42D-B91583814162}.Release|Any CPU.ActiveCfg = Release|Any CPU
		{BAA7519E-DB20-4988-A42D-B91583814162}.Release|Any CPU.Build.0 = Release|Any CPU
		{BAA7519E-DB20-4988-A42D-B91583814162}.Release|iPhone.ActiveCfg = Release|Any CPU
		{BAA7519E-DB20-4988-A42D-B91583814162}.Release|iPhone.Build.0 = Release|Any CPU
		{BAA7519E-DB20-4988-A42D-B91583814162}.Release|iPhoneSimulator.ActiveCfg = Release|Any CPU
		{BAA7519E-DB20-4988-A42D-B91583814162}.Release|iPhoneSimulator.Build.0 = Release|Any CPU
		{7B1296F9-A8F3-4E2B-9521-075988E02064}.Ad-Hoc|Any CPU.ActiveCfg = Debug|Any CPU
		{7B1296F9-A8F3-4E2B-9521-075988E02064}.Ad-Hoc|Any CPU.Build.0 = Debug|Any CPU
		{7B1296F9-A8F3-4E2B-9521-075988E02064}.Ad-Hoc|iPhone.ActiveCfg = Debug|Any CPU
		{7B1296F9-A8F3-4E2B-9521-075988E02064}.Ad-Hoc|iPhone.Build.0 = Debug|Any CPU
		{7B1296F9-A8F3-4E2B-9521-075988E02064}.Ad-Hoc|iPhoneSimulator.ActiveCfg = Debug|Any CPU
		{7B1296F9-A8F3-4E2B-9521-075988E02064}.Ad-Hoc|iPhoneSimulator.Build.0 = Debug|Any CPU
		{7B1296F9-A8F3-4E2B-9521-075988E02064}.AppStore|Any CPU.ActiveCfg = Debug|Any CPU
		{7B1296F9-A8F3-4E2B-9521-075988E02064}.AppStore|Any CPU.Build.0 = Debug|Any CPU
		{7B1296F9-A8F3-4E2B-9521-075988E02064}.AppStore|iPhone.ActiveCfg = Debug|Any CPU
		{7B1296F9-A8F3-4E2B-9521-075988E02064}.AppStore|iPhone.Build.0 = Debug|Any CPU
		{7B1296F9-A8F3-4E2B-9521-075988E02064}.AppStore|iPhoneSimulator.ActiveCfg = Debug|Any CPU
		{7B1296F9-A8F3-4E2B-9521-075988E02064}.AppStore|iPhoneSimulator.Build.0 = Debug|Any CPU
		{7B1296F9-A8F3-4E2B-9521-075988E02064}.Debug|Any CPU.ActiveCfg = Debug|Any CPU
		{7B1296F9-A8F3-4E2B-9521-075988E02064}.Debug|Any CPU.Build.0 = Debug|Any CPU
		{7B1296F9-A8F3-4E2B-9521-075988E02064}.Debug|iPhone.ActiveCfg = Debug|Any CPU
		{7B1296F9-A8F3-4E2B-9521-075988E02064}.Debug|iPhone.Build.0 = Debug|Any CPU
		{7B1296F9-A8F3-4E2B-9521-075988E02064}.Debug|iPhoneSimulator.ActiveCfg = Debug|Any CPU
		{7B1296F9-A8F3-4E2B-9521-075988E02064}.Debug|iPhoneSimulator.Build.0 = Debug|Any CPU
		{7B1296F9-A8F3-4E2B-9521-075988E02064}.Release|Any CPU.ActiveCfg = Release|Any CPU
		{7B1296F9-A8F3-4E2B-9521-075988E02064}.Release|Any CPU.Build.0 = Release|Any CPU
		{7B1296F9-A8F3-4E2B-9521-075988E02064}.Release|iPhone.ActiveCfg = Release|Any CPU
		{7B1296F9-A8F3-4E2B-9521-075988E02064}.Release|iPhone.Build.0 = Release|Any CPU
		{7B1296F9-A8F3-4E2B-9521-075988E02064}.Release|iPhoneSimulator.ActiveCfg = Release|Any CPU
		{7B1296F9-A8F3-4E2B-9521-075988E02064}.Release|iPhoneSimulator.Build.0 = Release|Any CPU
		{16C64FAD-8149-4E55-A720-1FD1EFCF5070}.Ad-Hoc|Any CPU.ActiveCfg = Debug|Any CPU
		{16C64FAD-8149-4E55-A720-1FD1EFCF5070}.Ad-Hoc|Any CPU.Build.0 = Debug|Any CPU
		{16C64FAD-8149-4E55-A720-1FD1EFCF5070}.Ad-Hoc|iPhone.ActiveCfg = Debug|Any CPU
		{16C64FAD-8149-4E55-A720-1FD1EFCF5070}.Ad-Hoc|iPhone.Build.0 = Debug|Any CPU
		{16C64FAD-8149-4E55-A720-1FD1EFCF5070}.Ad-Hoc|iPhoneSimulator.ActiveCfg = Debug|Any CPU
		{16C64FAD-8149-4E55-A720-1FD1EFCF5070}.Ad-Hoc|iPhoneSimulator.Build.0 = Debug|Any CPU
		{16C64FAD-8149-4E55-A720-1FD1EFCF5070}.AppStore|Any CPU.ActiveCfg = Debug|Any CPU
		{16C64FAD-8149-4E55-A720-1FD1EFCF5070}.AppStore|Any CPU.Build.0 = Debug|Any CPU
		{16C64FAD-8149-4E55-A720-1FD1EFCF5070}.AppStore|iPhone.ActiveCfg = Debug|Any CPU
		{16C64FAD-8149-4E55-A720-1FD1EFCF5070}.AppStore|iPhone.Build.0 = Debug|Any CPU
		{16C64FAD-8149-4E55-A720-1FD1EFCF5070}.AppStore|iPhoneSimulator.ActiveCfg = Debug|Any CPU
		{16C64FAD-8149-4E55-A720-1FD1EFCF5070}.AppStore|iPhoneSimulator.Build.0 = Debug|Any CPU
		{16C64FAD-8149-4E55-A720-1FD1EFCF5070}.Debug|Any CPU.ActiveCfg = Debug|Any CPU
		{16C64FAD-8149-4E55-A720-1FD1EFCF5070}.Debug|Any CPU.Build.0 = Debug|Any CPU
		{16C64FAD-8149-4E55-A720-1FD1EFCF5070}.Debug|iPhone.ActiveCfg = Debug|Any CPU
		{16C64FAD-8149-4E55-A720-1FD1EFCF5070}.Debug|iPhone.Build.0 = Debug|Any CPU
		{16C64FAD-8149-4E55-A720-1FD1EFCF5070}.Debug|iPhoneSimulator.ActiveCfg = Debug|Any CPU
		{16C64FAD-8149-4E55-A720-1FD1EFCF5070}.Debug|iPhoneSimulator.Build.0 = Debug|Any CPU
		{16C64FAD-8149-4E55-A720-1FD1EFCF5070}.Release|Any CPU.ActiveCfg = Release|Any CPU
		{16C64FAD-8149-4E55-A720-1FD1EFCF5070}.Release|Any CPU.Build.0 = Release|Any CPU
		{16C64FAD-8149-4E55-A720-1FD1EFCF5070}.Release|iPhone.ActiveCfg = Release|Any CPU
		{16C64FAD-8149-4E55-A720-1FD1EFCF5070}.Release|iPhone.Build.0 = Release|Any CPU
		{16C64FAD-8149-4E55-A720-1FD1EFCF5070}.Release|iPhoneSimulator.ActiveCfg = Release|Any CPU
		{16C64FAD-8149-4E55-A720-1FD1EFCF5070}.Release|iPhoneSimulator.Build.0 = Release|Any CPU
	EndGlobalSection
	GlobalSection(SolutionProperties) = preSolution
		HideSolutionNode = FALSE
	EndGlobalSection
	GlobalSection(NestedProjects) = preSolution
		{56CCC24E-F690-4DE4-B2CF-957D7ABBC9BA} = {6A17DB18-1E0F-4490-BCF5-8B308A96431F}
		{35D8508F-8131-48FD-8528-39473E7B357E} = {6A17DB18-1E0F-4490-BCF5-8B308A96431F}
		{95644D9F-9AED-4C30-BF02-72BBE185C3FA} = {6A17DB18-1E0F-4490-BCF5-8B308A96431F}
	EndGlobalSection
	GlobalSection(ExtensibilityGlobals) = postSolution
		SolutionGuid = {D27DDFA6-040D-42D7-905B-7290ADFB0199}
	EndGlobalSection
EndGlobal
